
Microsoft Visual Studio Solution File, Format Version 12.00
# Visual Studio 15
VisualStudioVersion = 15.0.28010.2003
MinimumVisualStudioVersion = 10.0.40219.1
Project("{FAE04EC0-301F-11D3-BF4B-00C04F79EFBC}") = "IDR Demo build", "IDR Demo build\IDR Demo build.csproj", "{6F0E5D4F-6124-415D-91D9-06D78D15B8E5}"
EndProject
Global
	GlobalSection(SolutionConfigurationPlatforms) = preSolution
		Debug|Any CPU = Debug|Any CPU
		Debug|x86 = Debug|x86
		Release|Any CPU = Release|Any CPU
		Release|x86 = Release|x86
	EndGlobalSection
	GlobalSection(ProjectConfigurationPlatforms) = postSolution
		{6F0E5D4F-6124-415D-91D9-06D78D15B8E5}.Debug|Any CPU.ActiveCfg = Debug|Any CPU
		{6F0E5D4F-6124-415D-91D9-06D78D15B8E5}.Debug|Any CPU.Build.0 = Debug|Any CPU
		{6F0E5D4F-6124-415D-91D9-06D78D15B8E5}.Debug|x86.ActiveCfg = Debug|x86
		{6F0E5D4F-6124-415D-91D9-06D78D15B8E5}.Debug|x86.Build.0 = Debug|x86
		{6F0E5D4F-6124-415D-91D9-06D78D15B8E5}.Release|Any CPU.ActiveCfg = Release|Any CPU
		{6F0E5D4F-6124-415D-91D9-06D78D15B8E5}.Release|Any CPU.Build.0 = Release|Any CPU
		{6F0E5D4F-6124-415D-91D9-06D78D15B8E5}.Release|x86.ActiveCfg = Release|x86
		{6F0E5D4F-6124-415D-91D9-06D78D15B8E5}.Release|x86.Build.0 = Release|x86
	EndGlobalSection
	GlobalSection(SolutionProperties) = preSolution
		HideSolutionNode = FALSE
	EndGlobalSection
	GlobalSection(ExtensibilityGlobals) = postSolution
		SolutionGuid = {D5396562-CE4B-4FBD-A17B-8D82959775DA}
	EndGlobalSection
EndGlobal
